// !$*UTF8*$!
{
	archiveVersion = 1;
	classes = {
	};
	objectVersion = 56;
	objects = {

/* Begin PBXBuildFile section */
		A41CDC1D29DED3E9001985AC /* CookingView.swift in Sources */ = {isa = PBXBuildFile; fileRef = A41CDC1C29DED3E9001985AC /* CookingView.swift */; };
		A45C275929E163A1005D9BB2 /* CopertiManagementView.swift in Sources */ = {isa = PBXBuildFile; fileRef = A45C275829E163A1005D9BB2 /* CopertiManagementView.swift */; };
		A468957229D9AD1A00328F0F /* CashDesk.swift in Sources */ = {isa = PBXBuildFile; fileRef = A468957129D9AD1A00328F0F /* CashDesk.swift */; };
		A468957529D9AD4F00328F0F /* OrdersView.swift in Sources */ = {isa = PBXBuildFile; fileRef = A468957429D9AD4F00328F0F /* OrdersView.swift */; };
		A468957829D9AD8E00328F0F /* DiningView.swift in Sources */ = {isa = PBXBuildFile; fileRef = A468957729D9AD8E00328F0F /* DiningView.swift */; };
		A468958129D9AE2700328F0F /* ProfileView.swift in Sources */ = {isa = PBXBuildFile; fileRef = A468958029D9AE2700328F0F /* ProfileView.swift */; };
		A4917B4729DC1EA90021076C /* CategoryManagerView.swift in Sources */ = {isa = PBXBuildFile; fileRef = A4917B4629DC1EA90021076C /* CategoryManagerView.swift */; };
		A49AEAEC29D831C20033CFED /* easymanagerApp.swift in Sources */ = {isa = PBXBuildFile; fileRef = A49AEAEB29D831C20033CFED /* easymanagerApp.swift */; };
		A49AEAEE29D831C20033CFED /* ContentView.swift in Sources */ = {isa = PBXBuildFile; fileRef = A49AEAED29D831C20033CFED /* ContentView.swift */; };
		A49AEAF029D831C30033CFED /* Assets.xcassets in Resources */ = {isa = PBXBuildFile; fileRef = A49AEAEF29D831C30033CFED /* Assets.xcassets */; };
		A49AEAF429D831C30033CFED /* Preview Assets.xcassets in Resources */ = {isa = PBXBuildFile; fileRef = A49AEAF329D831C30033CFED /* Preview Assets.xcassets */; };
		A49AEB0A29D866220033CFED /* OnBoardingView.swift in Sources */ = {isa = PBXBuildFile; fileRef = A49AEB0929D866220033CFED /* OnBoardingView.swift */; };
		A49AEB0C29D866400033CFED /* Extensions.swift in Sources */ = {isa = PBXBuildFile; fileRef = A49AEB0B29D866400033CFED /* Extensions.swift */; };
		A49AEB4829D892E50033CFED /* LoginView.swift in Sources */ = {isa = PBXBuildFile; fileRef = A49AEB4729D892E50033CFED /* LoginView.swift */; };
		A49AEB4E29D89CC40033CFED /* AuthenticationViewModel.swift in Sources */ = {isa = PBXBuildFile; fileRef = A49AEB4D29D89CC40033CFED /* AuthenticationViewModel.swift */; };
		A49AEB5029D8C0E50033CFED /* AuthModel.swift in Sources */ = {isa = PBXBuildFile; fileRef = A49AEB4F29D8C0E50033CFED /* AuthModel.swift */; };
		A4D5394829DE67F700A486FB /* RestaurantView.swift in Sources */ = {isa = PBXBuildFile; fileRef = A4D5394729DE67F700A486FB /* RestaurantView.swift */; };
		A4D972A729D936C900DCC4F7 /* RestaurantViewModel.swift in Sources */ = {isa = PBXBuildFile; fileRef = A4D972A629D936C900DCC4F7 /* RestaurantViewModel.swift */; };
		A4D972A929D9375200DCC4F7 /* RestaurantModel.swift in Sources */ = {isa = PBXBuildFile; fileRef = A4D972A829D9375200DCC4F7 /* RestaurantModel.swift */; };
		A4D972AB29D9495600DCC4F7 /* GoogleService-Info.plist in Resources */ = {isa = PBXBuildFile; fileRef = A4D972AA29D9495600DCC4F7 /* GoogleService-Info.plist */; };
		A4D972AD29D959B300DCC4F7 /* Theme.swift in Sources */ = {isa = PBXBuildFile; fileRef = A4D972AC29D959B300DCC4F7 /* Theme.swift */; };
		A4D972AF29D959CD00DCC4F7 /* ColorScheme.swift in Sources */ = {isa = PBXBuildFile; fileRef = A4D972AE29D959CD00DCC4F7 /* ColorScheme.swift */; };
		A4D972C129D95ADE00DCC4F7 /* OrderModel.swift in Sources */ = {isa = PBXBuildFile; fileRef = A4D972C029D95ADE00DCC4F7 /* OrderModel.swift */; };
		A4D972C329D95AE600DCC4F7 /* ProductModel.swift in Sources */ = {isa = PBXBuildFile; fileRef = A4D972C229D95AE600DCC4F7 /* ProductModel.swift */; };
		A4D972C529D95AF900DCC4F7 /* TableModel.swift in Sources */ = {isa = PBXBuildFile; fileRef = A4D972C429D95AF900DCC4F7 /* TableModel.swift */; };
		A4D972D629D9644D00DCC4F7 /* FirebaseAuth in Frameworks */ = {isa = PBXBuildFile; productRef = A4D972D529D9644D00DCC4F7 /* FirebaseAuth */; };
		A4D972D829D9644D00DCC4F7 /* FirebaseFirestore in Frameworks */ = {isa = PBXBuildFile; productRef = A4D972D729D9644D00DCC4F7 /* FirebaseFirestore */; };
		A4D972DA29D9644D00DCC4F7 /* FirebaseFirestoreSwift in Frameworks */ = {isa = PBXBuildFile; productRef = A4D972D929D9644D00DCC4F7 /* FirebaseFirestoreSwift */; };
		A4D972DD29D97DBE00DCC4F7 /* WrapperView.swift in Sources */ = {isa = PBXBuildFile; fileRef = A4D972DC29D97DBE00DCC4F7 /* WrapperView.swift */; };
		A4D972E329D97E8300DCC4F7 /* SideBarView.swift in Sources */ = {isa = PBXBuildFile; fileRef = A4D972E029D97E8300DCC4F7 /* SideBarView.swift */; };
		A4D972E429D97E8300DCC4F7 /* TurniView.swift in Sources */ = {isa = PBXBuildFile; fileRef = A4D972E129D97E8300DCC4F7 /* TurniView.swift */; };
		A4D9732E29D9894400DCC4F7 /* WeekModel.swift in Sources */ = {isa = PBXBuildFile; fileRef = A4D9732D29D9894400DCC4F7 /* WeekModel.swift */; };
		A4E7879E29D9DCC6009E35B5 /* ProductViewModel.swift in Sources */ = {isa = PBXBuildFile; fileRef = A4E7879D29D9DCC6009E35B5 /* ProductViewModel.swift */; };
		A4E787A029D9DD06009E35B5 /* OrderViewModel.swift in Sources */ = {isa = PBXBuildFile; fileRef = A4E7879F29D9DD06009E35B5 /* OrderViewModel.swift */; };
		A4E787A429D9E222009E35B5 /* TableViewModel.swift in Sources */ = {isa = PBXBuildFile; fileRef = A4E787A229D9E222009E35B5 /* TableViewModel.swift */; };
		A4E787A629DAC2B1009E35B5 /* OrderSheetView.swift in Sources */ = {isa = PBXBuildFile; fileRef = A4E787A529DAC2B1009E35B5 /* OrderSheetView.swift */; };
		A4E787AF29DAC425009E35B5 /* ReceiptDrawComponent.swift in Sources */ = {isa = PBXBuildFile; fileRef = A4E787A829DAC425009E35B5 /* ReceiptDrawComponent.swift */; };
		A4E787B029DAC425009E35B5 /* TableComponent.swift in Sources */ = {isa = PBXBuildFile; fileRef = A4E787A929DAC425009E35B5 /* TableComponent.swift */; };
		A4E787B129DAC425009E35B5 /* TimeLineComponent.swift in Sources */ = {isa = PBXBuildFile; fileRef = A4E787AA29DAC425009E35B5 /* TimeLineComponent.swift */; };
		A4E787B329DAC425009E35B5 /* ProductsComponent.swift in Sources */ = {isa = PBXBuildFile; fileRef = A4E787AC29DAC425009E35B5 /* ProductsComponent.swift */; };
		A4E787B429DAC425009E35B5 /* AppInfoComponent.swift in Sources */ = {isa = PBXBuildFile; fileRef = A4E787AD29DAC425009E35B5 /* AppInfoComponent.swift */; };
		A4E787B529DAC425009E35B5 /* StarComponent.swift in Sources */ = {isa = PBXBuildFile; fileRef = A4E787AE29DAC425009E35B5 /* StarComponent.swift */; };
		A4E787B729DAC558009E35B5 /* ModifyOrderView.swift in Sources */ = {isa = PBXBuildFile; fileRef = A4E787B629DAC558009E35B5 /* ModifyOrderView.swift */; };
		A4E787B929DAC6D6009E35B5 /* SideOrderModifyView.swift in Sources */ = {isa = PBXBuildFile; fileRef = A4E787B829DAC6D6009E35B5 /* SideOrderModifyView.swift */; };
		A4E787C229DAD01B009E35B5 /* ProductsManagerView.swift in Sources */ = {isa = PBXBuildFile; fileRef = A4E787BD29DAD01B009E35B5 /* ProductsManagerView.swift */; };
		A4E787C329DAD01B009E35B5 /* UserManagerView.swift in Sources */ = {isa = PBXBuildFile; fileRef = A4E787BE29DAD01B009E35B5 /* UserManagerView.swift */; };
		A4E787C429DAD01B009E35B5 /* TableManagerView.swift in Sources */ = {isa = PBXBuildFile; fileRef = A4E787BF29DAD01B009E35B5 /* TableManagerView.swift */; };
		A4E787CC29DAD034009E35B5 /* TemaAppView.swift in Sources */ = {isa = PBXBuildFile; fileRef = A4E787C829DAD034009E35B5 /* TemaAppView.swift */; };
		A4E787CD29DAD034009E35B5 /* IconAppView.swift in Sources */ = {isa = PBXBuildFile; fileRef = A4E787C929DAD034009E35B5 /* IconAppView.swift */; };
		A4E787CE29DAD034009E35B5 /* AspettoAppView.swift in Sources */ = {isa = PBXBuildFile; fileRef = A4E787CA29DAD034009E35B5 /* AspettoAppView.swift */; };
		A4E787CF29DAD034009E35B5 /* ImpostazioniAppView.swift in Sources */ = {isa = PBXBuildFile; fileRef = A4E787CB29DAD034009E35B5 /* ImpostazioniAppView.swift */; };
		A4E787DB29DAEF98009E35B5 /* ScontrinoView.swift in Sources */ = {isa = PBXBuildFile; fileRef = A4E787DA29DAEF98009E35B5 /* ScontrinoView.swift */; };
		A4E787DD29DAF034009E35B5 /* CheckOut.swift in Sources */ = {isa = PBXBuildFile; fileRef = A4E787DC29DAF034009E35B5 /* CheckOut.swift */; };
		A4E787DF29DAF0B3009E35B5 /* PreferitiView.swift in Sources */ = {isa = PBXBuildFile; fileRef = A4E787DE29DAF0B2009E35B5 /* PreferitiView.swift */; };
		A4E787E129DAF122009E35B5 /* PrinterViewModel.swift in Sources */ = {isa = PBXBuildFile; fileRef = A4E787E029DAF122009E35B5 /* PrinterViewModel.swift */; };
/* End PBXBuildFile section */

/* Begin PBXFileReference section */
		A41CDC1C29DED3E9001985AC /* CookingView.swift */ = {isa = PBXFileReference; lastKnownFileType = sourcecode.swift; path = CookingView.swift; sourceTree = "<group>"; };
		A45C275829E163A1005D9BB2 /* CopertiManagementView.swift */ = {isa = PBXFileReference; lastKnownFileType = sourcecode.swift; path = CopertiManagementView.swift; sourceTree = "<group>"; };
		A468957129D9AD1A00328F0F /* CashDesk.swift */ = {isa = PBXFileReference; lastKnownFileType = sourcecode.swift; path = CashDesk.swift; sourceTree = "<group>"; };
		A468957429D9AD4F00328F0F /* OrdersView.swift */ = {isa = PBXFileReference; lastKnownFileType = sourcecode.swift; path = OrdersView.swift; sourceTree = "<group>"; };
		A468957729D9AD8E00328F0F /* DiningView.swift */ = {isa = PBXFileReference; lastKnownFileType = sourcecode.swift; path = DiningView.swift; sourceTree = "<group>"; };
		A468958029D9AE2700328F0F /* ProfileView.swift */ = {isa = PBXFileReference; lastKnownFileType = sourcecode.swift; path = ProfileView.swift; sourceTree = "<group>"; };
		A4798F6329E00D9E00B97333 /* Info.plist */ = {isa = PBXFileReference; lastKnownFileType = text.plist; path = Info.plist; sourceTree = "<group>"; };
		A4917B4629DC1EA90021076C /* CategoryManagerView.swift */ = {isa = PBXFileReference; lastKnownFileType = sourcecode.swift; path = CategoryManagerView.swift; sourceTree = "<group>"; };
		A49AEAE829D831C20033CFED /* easymanager.app */ = {isa = PBXFileReference; explicitFileType = wrapper.application; includeInIndex = 0; path = easymanager.app; sourceTree = BUILT_PRODUCTS_DIR; };
		A49AEAEB29D831C20033CFED /* easymanagerApp.swift */ = {isa = PBXFileReference; lastKnownFileType = sourcecode.swift; path = easymanagerApp.swift; sourceTree = "<group>"; };
		A49AEAED29D831C20033CFED /* ContentView.swift */ = {isa = PBXFileReference; lastKnownFileType = sourcecode.swift; path = ContentView.swift; sourceTree = "<group>"; };
		A49AEAEF29D831C30033CFED /* Assets.xcassets */ = {isa = PBXFileReference; lastKnownFileType = folder.assetcatalog; path = Assets.xcassets; sourceTree = "<group>"; };
		A49AEAF129D831C30033CFED /* easymanager.entitlements */ = {isa = PBXFileReference; lastKnownFileType = text.plist.entitlements; path = easymanager.entitlements; sourceTree = "<group>"; };
		A49AEAF329D831C30033CFED /* Preview Assets.xcassets */ = {isa = PBXFileReference; lastKnownFileType = folder.assetcatalog; path = "Preview Assets.xcassets"; sourceTree = "<group>"; };
		A49AEB0929D866220033CFED /* OnBoardingView.swift */ = {isa = PBXFileReference; lastKnownFileType = sourcecode.swift; path = OnBoardingView.swift; sourceTree = "<group>"; };
		A49AEB0B29D866400033CFED /* Extensions.swift */ = {isa = PBXFileReference; lastKnownFileType = sourcecode.swift; path = Extensions.swift; sourceTree = "<group>"; };
		A49AEB4729D892E50033CFED /* LoginView.swift */ = {isa = PBXFileReference; lastKnownFileType = sourcecode.swift; path = LoginView.swift; sourceTree = "<group>"; };
		A49AEB4D29D89CC40033CFED /* AuthenticationViewModel.swift */ = {isa = PBXFileReference; lastKnownFileType = sourcecode.swift; path = AuthenticationViewModel.swift; sourceTree = "<group>"; };
		A49AEB4F29D8C0E50033CFED /* AuthModel.swift */ = {isa = PBXFileReference; lastKnownFileType = sourcecode.swift; path = AuthModel.swift; sourceTree = "<group>"; };
		A4D5394729DE67F700A486FB /* RestaurantView.swift */ = {isa = PBXFileReference; lastKnownFileType = sourcecode.swift; path = RestaurantView.swift; sourceTree = "<group>"; };
		A4D972A629D936C900DCC4F7 /* RestaurantViewModel.swift */ = {isa = PBXFileReference; lastKnownFileType = sourcecode.swift; path = RestaurantViewModel.swift; sourceTree = "<group>"; };
		A4D972A829D9375200DCC4F7 /* RestaurantModel.swift */ = {isa = PBXFileReference; lastKnownFileType = sourcecode.swift; path = RestaurantModel.swift; sourceTree = "<group>"; };
		A4D972AA29D9495600DCC4F7 /* GoogleService-Info.plist */ = {isa = PBXFileReference; fileEncoding = 4; lastKnownFileType = text.plist.xml; path = "GoogleService-Info.plist"; sourceTree = "<group>"; };
		A4D972AC29D959B300DCC4F7 /* Theme.swift */ = {isa = PBXFileReference; lastKnownFileType = sourcecode.swift; path = Theme.swift; sourceTree = "<group>"; };
		A4D972AE29D959CD00DCC4F7 /* ColorScheme.swift */ = {isa = PBXFileReference; lastKnownFileType = sourcecode.swift; path = ColorScheme.swift; sourceTree = "<group>"; };
		A4D972C029D95ADE00DCC4F7 /* OrderModel.swift */ = {isa = PBXFileReference; lastKnownFileType = sourcecode.swift; path = OrderModel.swift; sourceTree = "<group>"; };
		A4D972C229D95AE600DCC4F7 /* ProductModel.swift */ = {isa = PBXFileReference; lastKnownFileType = sourcecode.swift; path = ProductModel.swift; sourceTree = "<group>"; };
		A4D972C429D95AF900DCC4F7 /* TableModel.swift */ = {isa = PBXFileReference; lastKnownFileType = sourcecode.swift; path = TableModel.swift; sourceTree = "<group>"; };
		A4D972DC29D97DBE00DCC4F7 /* WrapperView.swift */ = {isa = PBXFileReference; lastKnownFileType = sourcecode.swift; path = WrapperView.swift; sourceTree = "<group>"; };
		A4D972E029D97E8300DCC4F7 /* SideBarView.swift */ = {isa = PBXFileReference; fileEncoding = 4; lastKnownFileType = sourcecode.swift; path = SideBarView.swift; sourceTree = "<group>"; };
		A4D972E129D97E8300DCC4F7 /* TurniView.swift */ = {isa = PBXFileReference; fileEncoding = 4; lastKnownFileType = sourcecode.swift; path = TurniView.swift; sourceTree = "<group>"; };
		A4D9732D29D9894400DCC4F7 /* WeekModel.swift */ = {isa = PBXFileReference; fileEncoding = 4; lastKnownFileType = sourcecode.swift; path = WeekModel.swift; sourceTree = "<group>"; };
		A4E7879D29D9DCC6009E35B5 /* ProductViewModel.swift */ = {isa = PBXFileReference; fileEncoding = 4; lastKnownFileType = sourcecode.swift; path = ProductViewModel.swift; sourceTree = "<group>"; };
		A4E7879F29D9DD06009E35B5 /* OrderViewModel.swift */ = {isa = PBXFileReference; fileEncoding = 4; lastKnownFileType = sourcecode.swift; path = OrderViewModel.swift; sourceTree = "<group>"; };
		A4E787A229D9E222009E35B5 /* TableViewModel.swift */ = {isa = PBXFileReference; fileEncoding = 4; lastKnownFileType = sourcecode.swift; path = TableViewModel.swift; sourceTree = "<group>"; };
		A4E787A529DAC2B1009E35B5 /* OrderSheetView.swift */ = {isa = PBXFileReference; lastKnownFileType = sourcecode.swift; path = OrderSheetView.swift; sourceTree = "<group>"; };
		A4E787A829DAC425009E35B5 /* ReceiptDrawComponent.swift */ = {isa = PBXFileReference; fileEncoding = 4; lastKnownFileType = sourcecode.swift; path = ReceiptDrawComponent.swift; sourceTree = "<group>"; };
		A4E787A929DAC425009E35B5 /* TableComponent.swift */ = {isa = PBXFileReference; fileEncoding = 4; lastKnownFileType = sourcecode.swift; path = TableComponent.swift; sourceTree = "<group>"; };
		A4E787AA29DAC425009E35B5 /* TimeLineComponent.swift */ = {isa = PBXFileReference; fileEncoding = 4; lastKnownFileType = sourcecode.swift; path = TimeLineComponent.swift; sourceTree = "<group>"; };
		A4E787AC29DAC425009E35B5 /* ProductsComponent.swift */ = {isa = PBXFileReference; fileEncoding = 4; lastKnownFileType = sourcecode.swift; path = ProductsComponent.swift; sourceTree = "<group>"; };
		A4E787AD29DAC425009E35B5 /* AppInfoComponent.swift */ = {isa = PBXFileReference; fileEncoding = 4; lastKnownFileType = sourcecode.swift; path = AppInfoComponent.swift; sourceTree = "<group>"; };
		A4E787AE29DAC425009E35B5 /* StarComponent.swift */ = {isa = PBXFileReference; fileEncoding = 4; lastKnownFileType = sourcecode.swift; path = StarComponent.swift; sourceTree = "<group>"; };
		A4E787B629DAC558009E35B5 /* ModifyOrderView.swift */ = {isa = PBXFileReference; fileEncoding = 4; lastKnownFileType = sourcecode.swift; path = ModifyOrderView.swift; sourceTree = "<group>"; };
		A4E787B829DAC6D6009E35B5 /* SideOrderModifyView.swift */ = {isa = PBXFileReference; fileEncoding = 4; lastKnownFileType = sourcecode.swift; path = SideOrderModifyView.swift; sourceTree = "<group>"; };
		A4E787BD29DAD01B009E35B5 /* ProductsManagerView.swift */ = {isa = PBXFileReference; fileEncoding = 4; lastKnownFileType = sourcecode.swift; path = ProductsManagerView.swift; sourceTree = "<group>"; };
		A4E787BE29DAD01B009E35B5 /* UserManagerView.swift */ = {isa = PBXFileReference; fileEncoding = 4; lastKnownFileType = sourcecode.swift; path = UserManagerView.swift; sourceTree = "<group>"; };
		A4E787BF29DAD01B009E35B5 /* TableManagerView.swift */ = {isa = PBXFileReference; fileEncoding = 4; lastKnownFileType = sourcecode.swift; path = TableManagerView.swift; sourceTree = "<group>"; };
		A4E787C829DAD034009E35B5 /* TemaAppView.swift */ = {isa = PBXFileReference; fileEncoding = 4; lastKnownFileType = sourcecode.swift; path = TemaAppView.swift; sourceTree = "<group>"; };
		A4E787C929DAD034009E35B5 /* IconAppView.swift */ = {isa = PBXFileReference; fileEncoding = 4; lastKnownFileType = sourcecode.swift; path = IconAppView.swift; sourceTree = "<group>"; };
		A4E787CA29DAD034009E35B5 /* AspettoAppView.swift */ = {isa = PBXFileReference; fileEncoding = 4; lastKnownFileType = sourcecode.swift; path = AspettoAppView.swift; sourceTree = "<group>"; };
		A4E787CB29DAD034009E35B5 /* ImpostazioniAppView.swift */ = {isa = PBXFileReference; fileEncoding = 4; lastKnownFileType = sourcecode.swift; path = ImpostazioniAppView.swift; sourceTree = "<group>"; };
		A4E787DA29DAEF98009E35B5 /* ScontrinoView.swift */ = {isa = PBXFileReference; fileEncoding = 4; lastKnownFileType = sourcecode.swift; path = ScontrinoView.swift; sourceTree = "<group>"; };
		A4E787DC29DAF034009E35B5 /* CheckOut.swift */ = {isa = PBXFileReference; fileEncoding = 4; lastKnownFileType = sourcecode.swift; path = CheckOut.swift; sourceTree = "<group>"; };
		A4E787DE29DAF0B2009E35B5 /* PreferitiView.swift */ = {isa = PBXFileReference; fileEncoding = 4; lastKnownFileType = sourcecode.swift; path = PreferitiView.swift; sourceTree = "<group>"; };
		A4E787E029DAF122009E35B5 /* PrinterViewModel.swift */ = {isa = PBXFileReference; lastKnownFileType = sourcecode.swift; path = PrinterViewModel.swift; sourceTree = "<group>"; };
/* End PBXFileReference section */

/* Begin PBXFrameworksBuildPhase section */
		A49AEAE529D831C20033CFED /* Frameworks */ = {
			isa = PBXFrameworksBuildPhase;
			buildActionMask = 2147483647;
			files = (
				A4D972D629D9644D00DCC4F7 /* FirebaseAuth in Frameworks */,
				A4D972D829D9644D00DCC4F7 /* FirebaseFirestore in Frameworks */,
				A4D972DA29D9644D00DCC4F7 /* FirebaseFirestoreSwift in Frameworks */,
			);
			runOnlyForDeploymentPostprocessing = 0;
		};
/* End PBXFrameworksBuildPhase section */

/* Begin PBXGroup section */
		A41CDC1B29DED3DD001985AC /* CookingView */ = {
			isa = PBXGroup;
			children = (
				A41CDC1C29DED3E9001985AC /* CookingView.swift */,
			);
			path = CookingView;
			sourceTree = "<group>";
		};
		A468957029D9ACE800328F0F /* CashDeskView */ = {
			isa = PBXGroup;
			children = (
				A468957129D9AD1A00328F0F /* CashDesk.swift */,
				A4E787DE29DAF0B2009E35B5 /* PreferitiView.swift */,
				A4E787DA29DAEF98009E35B5 /* ScontrinoView.swift */,
				A4E787DC29DAF034009E35B5 /* CheckOut.swift */,
				A4E787B829DAC6D6009E35B5 /* SideOrderModifyView.swift */,
				A4E787B629DAC558009E35B5 /* ModifyOrderView.swift */,
			);
			path = CashDeskView;
			sourceTree = "<group>";
		};
		A468957329D9AD3D00328F0F /* OrdersView */ = {
			isa = PBXGroup;
			children = (
				A468957429D9AD4F00328F0F /* OrdersView.swift */,
				A4E787A529DAC2B1009E35B5 /* OrderSheetView.swift */,
			);
			path = OrdersView;
			sourceTree = "<group>";
		};
		A468957629D9AD8100328F0F /* DiningView */ = {
			isa = PBXGroup;
			children = (
				A468957729D9AD8E00328F0F /* DiningView.swift */,
			);
			path = DiningView;
			sourceTree = "<group>";
		};
		A468957F29D9AE1900328F0F /* ProfileView */ = {
			isa = PBXGroup;
			children = (
				A4E787C729DAD034009E35B5 /* ImpostazioniView */,
				A4E787BC29DAD01B009E35B5 /* Admin */,
				A468958029D9AE2700328F0F /* ProfileView.swift */,
				A4D5394729DE67F700A486FB /* RestaurantView.swift */,
			);
			path = ProfileView;
			sourceTree = "<group>";
		};
		A49AEADF29D831C20033CFED = {
			isa = PBXGroup;
			children = (
				A49AEAEA29D831C20033CFED /* easymanager */,
				A49AEAE929D831C20033CFED /* Products */,
			);
			sourceTree = "<group>";
		};
		A49AEAE929D831C20033CFED /* Products */ = {
			isa = PBXGroup;
			children = (
				A49AEAE829D831C20033CFED /* easymanager.app */,
			);
			name = Products;
			sourceTree = "<group>";
		};
		A49AEAEA29D831C20033CFED /* easymanager */ = {
			isa = PBXGroup;
			children = (
				A4798F6329E00D9E00B97333 /* Info.plist */,
				A49AEAEB29D831C20033CFED /* easymanagerApp.swift */,
				A49AEB0D29D866770033CFED /* View */,
				A49AEB4429D870770033CFED /* ViewModel */,
				A49AEB4529D8707F0033CFED /* Model */,
				A49AEB0E29D866840033CFED /* Utilities */,
				A49AEAEF29D831C30033CFED /* Assets.xcassets */,
				A49AEAF129D831C30033CFED /* easymanager.entitlements */,
				A4D972AA29D9495600DCC4F7 /* GoogleService-Info.plist */,
				A49AEAF229D831C30033CFED /* Preview Content */,
			);
			path = easymanager;
			sourceTree = "<group>";
		};
		A49AEAF229D831C30033CFED /* Preview Content */ = {
			isa = PBXGroup;
			children = (
				A49AEAF329D831C30033CFED /* Preview Assets.xcassets */,
			);
			path = "Preview Content";
			sourceTree = "<group>";
		};
		A49AEB0D29D866770033CFED /* View */ = {
			isa = PBXGroup;
			children = (
				A49AEAED29D831C20033CFED /* ContentView.swift */,
				A4D972DC29D97DBE00DCC4F7 /* WrapperView.swift */,
				A4D972DB29D97D6A00DCC4F7 /* OnBoarding */,
				A4D972DE29D97E8300DCC4F7 /* Sidebar */,
				A468957029D9ACE800328F0F /* CashDeskView */,
				A468957329D9AD3D00328F0F /* OrdersView */,
				A41CDC1B29DED3DD001985AC /* CookingView */,
				A468957629D9AD8100328F0F /* DiningView */,
				A468957F29D9AE1900328F0F /* ProfileView */,
			);
			path = View;
			sourceTree = "<group>";
		};
		A49AEB0E29D866840033CFED /* Utilities */ = {
			isa = PBXGroup;
			children = (
				A4E787A729DAC425009E35B5 /* Components */,
				A49AEB0B29D866400033CFED /* Extensions.swift */,
				A4D972AC29D959B300DCC4F7 /* Theme.swift */,
				A4D972AE29D959CD00DCC4F7 /* ColorScheme.swift */,
			);
			path = Utilities;
			sourceTree = "<group>";
		};
		A49AEB4429D870770033CFED /* ViewModel */ = {
			isa = PBXGroup;
			children = (
				A49AEB4D29D89CC40033CFED /* AuthenticationViewModel.swift */,
				A4D972A629D936C900DCC4F7 /* RestaurantViewModel.swift */,
				A4E7879D29D9DCC6009E35B5 /* ProductViewModel.swift */,
				A4E7879F29D9DD06009E35B5 /* OrderViewModel.swift */,
				A4E787A229D9E222009E35B5 /* TableViewModel.swift */,
				A4E787E029DAF122009E35B5 /* PrinterViewModel.swift */,
			);
			path = ViewModel;
			sourceTree = "<group>";
		};
		A49AEB4529D8707F0033CFED /* Model */ = {
			isa = PBXGroup;
			children = (
				A4D9732D29D9894400DCC4F7 /* WeekModel.swift */,
				A49AEB4F29D8C0E50033CFED /* AuthModel.swift */,
				A4D972A829D9375200DCC4F7 /* RestaurantModel.swift */,
				A4D972C429D95AF900DCC4F7 /* TableModel.swift */,
				A4D972C029D95ADE00DCC4F7 /* OrderModel.swift */,
				A4D972C229D95AE600DCC4F7 /* ProductModel.swift */,
			);
			path = Model;
			sourceTree = "<group>";
		};
		A4D972DB29D97D6A00DCC4F7 /* OnBoarding */ = {
			isa = PBXGroup;
			children = (
				A49AEB4729D892E50033CFED /* LoginView.swift */,
				A49AEB0929D866220033CFED /* OnBoardingView.swift */,
			);
			path = OnBoarding;
			sourceTree = "<group>";
		};
		A4D972DE29D97E8300DCC4F7 /* Sidebar */ = {
			isa = PBXGroup;
			children = (
				A4D972E029D97E8300DCC4F7 /* SideBarView.swift */,
				A4D972E129D97E8300DCC4F7 /* TurniView.swift */,
			);
			path = Sidebar;
			sourceTree = "<group>";
		};
		A4E787A729DAC425009E35B5 /* Components */ = {
			isa = PBXGroup;
			children = (
				A4E787A829DAC425009E35B5 /* ReceiptDrawComponent.swift */,
				A4E787A929DAC425009E35B5 /* TableComponent.swift */,
				A4E787AA29DAC425009E35B5 /* TimeLineComponent.swift */,
				A4E787AC29DAC425009E35B5 /* ProductsComponent.swift */,
				A4E787AD29DAC425009E35B5 /* AppInfoComponent.swift */,
				A4E787AE29DAC425009E35B5 /* StarComponent.swift */,
			);
			path = Components;
			sourceTree = "<group>";
		};
		A4E787BC29DAD01B009E35B5 /* Admin */ = {
			isa = PBXGroup;
			children = (
				A4E787BD29DAD01B009E35B5 /* ProductsManagerView.swift */,
				A4E787BE29DAD01B009E35B5 /* UserManagerView.swift */,
				A4E787BF29DAD01B009E35B5 /* TableManagerView.swift */,
				A45C275829E163A1005D9BB2 /* CopertiManagementView.swift */,
				A4917B4629DC1EA90021076C /* CategoryManagerView.swift */,
			);
			path = Admin;
			sourceTree = "<group>";
		};
		A4E787C729DAD034009E35B5 /* ImpostazioniView */ = {
			isa = PBXGroup;
			children = (
				A4E787C829DAD034009E35B5 /* TemaAppView.swift */,
				A4E787C929DAD034009E35B5 /* IconAppView.swift */,
				A4E787CA29DAD034009E35B5 /* AspettoAppView.swift */,
				A4E787CB29DAD034009E35B5 /* ImpostazioniAppView.swift */,
			);
			path = ImpostazioniView;
			sourceTree = "<group>";
		};
/* End PBXGroup section */

/* Begin PBXNativeTarget section */
		A49AEAE729D831C20033CFED /* easymanager */ = {
			isa = PBXNativeTarget;
			buildConfigurationList = A49AEAF729D831C30033CFED /* Build configuration list for PBXNativeTarget "easymanager" */;
			buildPhases = (
				A49AEAE429D831C20033CFED /* Sources */,
				A49AEAE529D831C20033CFED /* Frameworks */,
				A49AEAE629D831C20033CFED /* Resources */,
			);
			buildRules = (
			);
			dependencies = (
			);
			name = easymanager;
			packageProductDependencies = (
				A4D972D529D9644D00DCC4F7 /* FirebaseAuth */,
				A4D972D729D9644D00DCC4F7 /* FirebaseFirestore */,
				A4D972D929D9644D00DCC4F7 /* FirebaseFirestoreSwift */,
			);
			productName = easymanager;
			productReference = A49AEAE829D831C20033CFED /* easymanager.app */;
			productType = "com.apple.product-type.application";
		};
/* End PBXNativeTarget section */

/* Begin PBXProject section */
		A49AEAE029D831C20033CFED /* Project object */ = {
			isa = PBXProject;
			attributes = {
				BuildIndependentTargetsInParallel = 1;
				LastSwiftUpdateCheck = 1430;
				LastUpgradeCheck = 1430;
				TargetAttributes = {
					A49AEAE729D831C20033CFED = {
						CreatedOnToolsVersion = 14.3;
					};
				};
			};
			buildConfigurationList = A49AEAE329D831C20033CFED /* Build configuration list for PBXProject "easymanager" */;
			compatibilityVersion = "Xcode 14.0";
			developmentRegion = it;
			hasScannedForEncodings = 0;
			knownRegions = (
				Base,
				it,
			);
			mainGroup = A49AEADF29D831C20033CFED;
			packageReferences = (
				A4D972D429D9644D00DCC4F7 /* XCRemoteSwiftPackageReference "firebase-ios-sdk" */,
			);
			productRefGroup = A49AEAE929D831C20033CFED /* Products */;
			projectDirPath = "";
			projectRoot = "";
			targets = (
				A49AEAE729D831C20033CFED /* easymanager */,
			);
		};
/* End PBXProject section */

/* Begin PBXResourcesBuildPhase section */
		A49AEAE629D831C20033CFED /* Resources */ = {
			isa = PBXResourcesBuildPhase;
			buildActionMask = 2147483647;
			files = (
				A49AEAF429D831C30033CFED /* Preview Assets.xcassets in Resources */,
				A49AEAF029D831C30033CFED /* Assets.xcassets in Resources */,
				A4D972AB29D9495600DCC4F7 /* GoogleService-Info.plist in Resources */,
			);
			runOnlyForDeploymentPostprocessing = 0;
		};
/* End PBXResourcesBuildPhase section */

/* Begin PBXSourcesBuildPhase section */
		A49AEAE429D831C20033CFED /* Sources */ = {
			isa = PBXSourcesBuildPhase;
			buildActionMask = 2147483647;
			files = (
				A4E787AF29DAC425009E35B5 /* ReceiptDrawComponent.swift in Sources */,
				A41CDC1D29DED3E9001985AC /* CookingView.swift in Sources */,
				A4D5394829DE67F700A486FB /* RestaurantView.swift in Sources */,
				A49AEB0A29D866220033CFED /* OnBoardingView.swift in Sources */,
				A4E787CF29DAD034009E35B5 /* ImpostazioniAppView.swift in Sources */,
				A4E787E129DAF122009E35B5 /* PrinterViewModel.swift in Sources */,
				A4E787DD29DAF034009E35B5 /* CheckOut.swift in Sources */,
				A4E787B529DAC425009E35B5 /* StarComponent.swift in Sources */,
				A49AEAEE29D831C20033CFED /* ContentView.swift in Sources */,
				A4D972C129D95ADE00DCC4F7 /* OrderModel.swift in Sources */,
				A49AEB4E29D89CC40033CFED /* AuthenticationViewModel.swift in Sources */,
				A4E787C229DAD01B009E35B5 /* ProductsManagerView.swift in Sources */,
				A468957829D9AD8E00328F0F /* DiningView.swift in Sources */,
				A4E787C429DAD01B009E35B5 /* TableManagerView.swift in Sources */,
				A4E787DB29DAEF98009E35B5 /* ScontrinoView.swift in Sources */,
				A4917B4729DC1EA90021076C /* CategoryManagerView.swift in Sources */,
				A4D972C329D95AE600DCC4F7 /* ProductModel.swift in Sources */,
				A4D972AF29D959CD00DCC4F7 /* ColorScheme.swift in Sources */,
				A4E787B929DAC6D6009E35B5 /* SideOrderModifyView.swift in Sources */,
				A4E787C329DAD01B009E35B5 /* UserManagerView.swift in Sources */,
				A468957229D9AD1A00328F0F /* CashDesk.swift in Sources */,
				A4D972AD29D959B300DCC4F7 /* Theme.swift in Sources */,
				A4D972A929D9375200DCC4F7 /* RestaurantModel.swift in Sources */,
				A4E787B329DAC425009E35B5 /* ProductsComponent.swift in Sources */,
				A4D972A729D936C900DCC4F7 /* RestaurantViewModel.swift in Sources */,
				A4E787B129DAC425009E35B5 /* TimeLineComponent.swift in Sources */,
				A4E787CE29DAD034009E35B5 /* AspettoAppView.swift in Sources */,
				A49AEAEC29D831C20033CFED /* easymanagerApp.swift in Sources */,
				A4E787A429D9E222009E35B5 /* TableViewModel.swift in Sources */,
				A4E7879E29D9DCC6009E35B5 /* ProductViewModel.swift in Sources */,
				A4E787CC29DAD034009E35B5 /* TemaAppView.swift in Sources */,
				A49AEB5029D8C0E50033CFED /* AuthModel.swift in Sources */,
				A4D9732E29D9894400DCC4F7 /* WeekModel.swift in Sources */,
				A4E787B029DAC425009E35B5 /* TableComponent.swift in Sources */,
				A4E787CD29DAD034009E35B5 /* IconAppView.swift in Sources */,
				A4D972E429D97E8300DCC4F7 /* TurniView.swift in Sources */,
				A45C275929E163A1005D9BB2 /* CopertiManagementView.swift in Sources */,
				A4D972DD29D97DBE00DCC4F7 /* WrapperView.swift in Sources */,
				A4E787B429DAC425009E35B5 /* AppInfoComponent.swift in Sources */,
				A4D972C529D95AF900DCC4F7 /* TableModel.swift in Sources */,
				A468957529D9AD4F00328F0F /* OrdersView.swift in Sources */,
				A4E787B729DAC558009E35B5 /* ModifyOrderView.swift in Sources */,
				A468958129D9AE2700328F0F /* ProfileView.swift in Sources */,
				A4D972E329D97E8300DCC4F7 /* SideBarView.swift in Sources */,
				A49AEB4829D892E50033CFED /* LoginView.swift in Sources */,
				A4E787DF29DAF0B3009E35B5 /* PreferitiView.swift in Sources */,
				A49AEB0C29D866400033CFED /* Extensions.swift in Sources */,
				A4E787A029D9DD06009E35B5 /* OrderViewModel.swift in Sources */,
				A4E787A629DAC2B1009E35B5 /* OrderSheetView.swift in Sources */,
			);
			runOnlyForDeploymentPostprocessing = 0;
		};
/* End PBXSourcesBuildPhase section */

/* Begin XCBuildConfiguration section */
		A49AEAF529D831C30033CFED /* Debug */ = {
			isa = XCBuildConfiguration;
			buildSettings = {
				ALWAYS_SEARCH_USER_PATHS = NO;
				CLANG_ANALYZER_NONNULL = YES;
				CLANG_ANALYZER_NUMBER_OBJECT_CONVERSION = YES_AGGRESSIVE;
				CLANG_CXX_LANGUAGE_STANDARD = "gnu++20";
				CLANG_ENABLE_MODULES = YES;
				CLANG_ENABLE_OBJC_ARC = YES;
				CLANG_ENABLE_OBJC_WEAK = YES;
				CLANG_WARN_BLOCK_CAPTURE_AUTORELEASING = YES;
				CLANG_WARN_BOOL_CONVERSION = YES;
				CLANG_WARN_COMMA = YES;
				CLANG_WARN_CONSTANT_CONVERSION = YES;
				CLANG_WARN_DEPRECATED_OBJC_IMPLEMENTATIONS = YES;
				CLANG_WARN_DIRECT_OBJC_ISA_USAGE = YES_ERROR;
				CLANG_WARN_DOCUMENTATION_COMMENTS = YES;
				CLANG_WARN_EMPTY_BODY = YES;
				CLANG_WARN_ENUM_CONVERSION = YES;
				CLANG_WARN_INFINITE_RECURSION = YES;
				CLANG_WARN_INT_CONVERSION = YES;
				CLANG_WARN_NON_LITERAL_NULL_CONVERSION = YES;
				CLANG_WARN_OBJC_IMPLICIT_RETAIN_SELF = YES;
				CLANG_WARN_OBJC_LITERAL_CONVERSION = YES;
				CLANG_WARN_OBJC_ROOT_CLASS = YES_ERROR;
				CLANG_WARN_QUOTED_INCLUDE_IN_FRAMEWORK_HEADER = YES;
				CLANG_WARN_RANGE_LOOP_ANALYSIS = YES;
				CLANG_WARN_STRICT_PROTOTYPES = YES;
				CLANG_WARN_SUSPICIOUS_MOVE = YES;
				CLANG_WARN_UNGUARDED_AVAILABILITY = YES_AGGRESSIVE;
				CLANG_WARN_UNREACHABLE_CODE = YES;
				CLANG_WARN__DUPLICATE_METHOD_MATCH = YES;
				COPY_PHASE_STRIP = NO;
				DEBUG_INFORMATION_FORMAT = dwarf;
				ENABLE_STRICT_OBJC_MSGSEND = YES;
				ENABLE_TESTABILITY = YES;
				GCC_C_LANGUAGE_STANDARD = gnu11;
				GCC_DYNAMIC_NO_PIC = NO;
				GCC_NO_COMMON_BLOCKS = YES;
				GCC_OPTIMIZATION_LEVEL = 0;
				GCC_PREPROCESSOR_DEFINITIONS = (
					"DEBUG=1",
					"$(inherited)",
				);
				GCC_WARN_64_TO_32_BIT_CONVERSION = YES;
				GCC_WARN_ABOUT_RETURN_TYPE = YES_ERROR;
				GCC_WARN_UNDECLARED_SELECTOR = YES;
				GCC_WARN_UNINITIALIZED_AUTOS = YES_AGGRESSIVE;
				GCC_WARN_UNUSED_FUNCTION = YES;
				GCC_WARN_UNUSED_VARIABLE = YES;
				IPHONEOS_DEPLOYMENT_TARGET = 16.2;
				MTL_ENABLE_DEBUG_INFO = INCLUDE_SOURCE;
				MTL_FAST_MATH = YES;
				ONLY_ACTIVE_ARCH = YES;
				SWIFT_ACTIVE_COMPILATION_CONDITIONS = DEBUG;
				SWIFT_OPTIMIZATION_LEVEL = "-Onone";
			};
			name = Debug;
		};
		A49AEAF629D831C30033CFED /* Release */ = {
			isa = XCBuildConfiguration;
			buildSettings = {
				ALWAYS_SEARCH_USER_PATHS = NO;
				CLANG_ANALYZER_NONNULL = YES;
				CLANG_ANALYZER_NUMBER_OBJECT_CONVERSION = YES_AGGRESSIVE;
				CLANG_CXX_LANGUAGE_STANDARD = "gnu++20";
				CLANG_ENABLE_MODULES = YES;
				CLANG_ENABLE_OBJC_ARC = YES;
				CLANG_ENABLE_OBJC_WEAK = YES;
				CLANG_WARN_BLOCK_CAPTURE_AUTORELEASING = YES;
				CLANG_WARN_BOOL_CONVERSION = YES;
				CLANG_WARN_COMMA = YES;
				CLANG_WARN_CONSTANT_CONVERSION = YES;
				CLANG_WARN_DEPRECATED_OBJC_IMPLEMENTATIONS = YES;
				CLANG_WARN_DIRECT_OBJC_ISA_USAGE = YES_ERROR;
				CLANG_WARN_DOCUMENTATION_COMMENTS = YES;
				CLANG_WARN_EMPTY_BODY = YES;
				CLANG_WARN_ENUM_CONVERSION = YES;
				CLANG_WARN_INFINITE_RECURSION = YES;
				CLANG_WARN_INT_CONVERSION = YES;
				CLANG_WARN_NON_LITERAL_NULL_CONVERSION = YES;
				CLANG_WARN_OBJC_IMPLICIT_RETAIN_SELF = YES;
				CLANG_WARN_OBJC_LITERAL_CONVERSION = YES;
				CLANG_WARN_OBJC_ROOT_CLASS = YES_ERROR;
				CLANG_WARN_QUOTED_INCLUDE_IN_FRAMEWORK_HEADER = YES;
				CLANG_WARN_RANGE_LOOP_ANALYSIS = YES;
				CLANG_WARN_STRICT_PROTOTYPES = YES;
				CLANG_WARN_SUSPICIOUS_MOVE = YES;
				CLANG_WARN_UNGUARDED_AVAILABILITY = YES_AGGRESSIVE;
				CLANG_WARN_UNREACHABLE_CODE = YES;
				CLANG_WARN__DUPLICATE_METHOD_MATCH = YES;
				COPY_PHASE_STRIP = NO;
				DEBUG_INFORMATION_FORMAT = "dwarf-with-dsym";
				ENABLE_NS_ASSERTIONS = NO;
				ENABLE_STRICT_OBJC_MSGSEND = YES;
				GCC_C_LANGUAGE_STANDARD = gnu11;
				GCC_NO_COMMON_BLOCKS = YES;
				GCC_WARN_64_TO_32_BIT_CONVERSION = YES;
				GCC_WARN_ABOUT_RETURN_TYPE = YES_ERROR;
				GCC_WARN_UNDECLARED_SELECTOR = YES;
				GCC_WARN_UNINITIALIZED_AUTOS = YES_AGGRESSIVE;
				GCC_WARN_UNUSED_FUNCTION = YES;
				GCC_WARN_UNUSED_VARIABLE = YES;
				IPHONEOS_DEPLOYMENT_TARGET = 16.2;
				MTL_ENABLE_DEBUG_INFO = NO;
				MTL_FAST_MATH = YES;
				SWIFT_COMPILATION_MODE = wholemodule;
				SWIFT_OPTIMIZATION_LEVEL = "-O";
			};
			name = Release;
		};
		A49AEAF829D831C30033CFED /* Debug */ = {
			isa = XCBuildConfiguration;
			buildSettings = {
				ASSETCATALOG_COMPILER_APPICON_NAME = AppIcon;
				ASSETCATALOG_COMPILER_GLOBAL_ACCENT_COLOR_NAME = AccentColor;
				CODE_SIGN_ENTITLEMENTS = easymanager/easymanager.entitlements;
				CODE_SIGN_STYLE = Automatic;
				CURRENT_PROJECT_VERSION = 1;
				DEVELOPMENT_ASSET_PATHS = "\"easymanager/Preview Content\"";
				DEVELOPMENT_TEAM = XACF448K57;
				ENABLE_HARDENED_RUNTIME = NO;
				ENABLE_PREVIEWS = YES;
				GENERATE_INFOPLIST_FILE = YES;
				INFOPLIST_FILE = easymanager/Info.plist;
				INFOPLIST_KEY_CFBundleDisplayName = "Easy Manager - Gestionale";
				INFOPLIST_KEY_LSApplicationCategoryType = "public.app-category.business";
				"INFOPLIST_KEY_UIApplicationSceneManifest_Generation[sdk=iphoneos*]" = YES;
				"INFOPLIST_KEY_UIApplicationSceneManifest_Generation[sdk=iphonesimulator*]" = YES;
				"INFOPLIST_KEY_UIApplicationSupportsIndirectInputEvents[sdk=iphoneos*]" = YES;
				"INFOPLIST_KEY_UIApplicationSupportsIndirectInputEvents[sdk=iphonesimulator*]" = YES;
				"INFOPLIST_KEY_UILaunchScreen_Generation[sdk=iphoneos*]" = YES;
				"INFOPLIST_KEY_UILaunchScreen_Generation[sdk=iphonesimulator*]" = YES;
				"INFOPLIST_KEY_UIStatusBarStyle[sdk=iphoneos*]" = UIStatusBarStyleDefault;
				"INFOPLIST_KEY_UIStatusBarStyle[sdk=iphonesimulator*]" = UIStatusBarStyleDefault;
				INFOPLIST_KEY_UISupportedInterfaceOrientations = UIInterfaceOrientationPortrait;
				INFOPLIST_KEY_UISupportedInterfaceOrientations_iPad = "UIInterfaceOrientationLandscapeLeft UIInterfaceOrientationLandscapeRight UIInterfaceOrientationPortrait UIInterfaceOrientationPortraitUpsideDown";
				IPHONEOS_DEPLOYMENT_TARGET = 16.3;
				LD_RUNPATH_SEARCH_PATHS = "@executable_path/Frameworks";
				"LD_RUNPATH_SEARCH_PATHS[sdk=macosx*]" = "@executable_path/../Frameworks";
				MACOSX_DEPLOYMENT_TARGET = 13.1;
				MARKETING_VERSION = 0.1.1;
				PRODUCT_BUNDLE_IDENTIFIER = one.wape.easymanager;
				PRODUCT_NAME = "$(TARGET_NAME)";
				SDKROOT = auto;
				SUPPORTED_PLATFORMS = "iphoneos iphonesimulator";
				SUPPORTS_MACCATALYST = NO;
				SUPPORTS_MAC_DESIGNED_FOR_IPHONE_IPAD = NO;
				SWIFT_EMIT_LOC_STRINGS = YES;
				SWIFT_VERSION = 5.0;
				TARGETED_DEVICE_FAMILY = "1,2";
			};
			name = Debug;
		};
		A49AEAF929D831C30033CFED /* Release */ = {
			isa = XCBuildConfiguration;
			buildSettings = {
				ASSETCATALOG_COMPILER_APPICON_NAME = AppIcon;
				ASSETCATALOG_COMPILER_GLOBAL_ACCENT_COLOR_NAME = AccentColor;
				CODE_SIGN_ENTITLEMENTS = easymanager/easymanager.entitlements;
				CODE_SIGN_STYLE = Automatic;
				CURRENT_PROJECT_VERSION = 1;
				DEVELOPMENT_ASSET_PATHS = "\"easymanager/Preview Content\"";
				DEVELOPMENT_TEAM = XACF448K57;
				ENABLE_HARDENED_RUNTIME = NO;
				ENABLE_PREVIEWS = YES;
				GENERATE_INFOPLIST_FILE = YES;
				INFOPLIST_FILE = easymanager/Info.plist;
				INFOPLIST_KEY_CFBundleDisplayName = "Easy Manager - Gestionale";
				INFOPLIST_KEY_LSApplicationCategoryType = "public.app-category.business";
				"INFOPLIST_KEY_UIApplicationSceneManifest_Generation[sdk=iphoneos*]" = YES;
				"INFOPLIST_KEY_UIApplicationSceneManifest_Generation[sdk=iphonesimulator*]" = YES;
				"INFOPLIST_KEY_UIApplicationSupportsIndirectInputEvents[sdk=iphoneos*]" = YES;
				"INFOPLIST_KEY_UIApplicationSupportsIndirectInputEvents[sdk=iphonesimulator*]" = YES;
				"INFOPLIST_KEY_UILaunchScreen_Generation[sdk=iphoneos*]" = YES;
				"INFOPLIST_KEY_UILaunchScreen_Generation[sdk=iphonesimulator*]" = YES;
				"INFOPLIST_KEY_UIStatusBarStyle[sdk=iphoneos*]" = UIStatusBarStyleDefault;
				"INFOPLIST_KEY_UIStatusBarStyle[sdk=iphonesimulator*]" = UIStatusBarStyleDefault;
				INFOPLIST_KEY_UISupportedInterfaceOrientations = UIInterfaceOrientationPortrait;
				INFOPLIST_KEY_UISupportedInterfaceOrientations_iPad = "UIInterfaceOrientationLandscapeLeft UIInterfaceOrientationLandscapeRight UIInterfaceOrientationPortrait UIInterfaceOrientationPortraitUpsideDown";
				IPHONEOS_DEPLOYMENT_TARGET = 16.3;
				LD_RUNPATH_SEARCH_PATHS = "@executable_path/Frameworks";
				"LD_RUNPATH_SEARCH_PATHS[sdk=macosx*]" = "@executable_path/../Frameworks";
				MACOSX_DEPLOYMENT_TARGET = 13.1;
				MARKETING_VERSION = 0.1.1;
				PRODUCT_BUNDLE_IDENTIFIER = one.wape.easymanager;
				PRODUCT_NAME = "$(TARGET_NAME)";
				SDKROOT = auto;
				SUPPORTED_PLATFORMS = "iphoneos iphonesimulator";
				SUPPORTS_MACCATALYST = NO;
				SUPPORTS_MAC_DESIGNED_FOR_IPHONE_IPAD = NO;
				SWIFT_EMIT_LOC_STRINGS = YES;
				SWIFT_VERSION = 5.0;
				TARGETED_DEVICE_FAMILY = "1,2";
			};
			name = Release;
		};
/* End XCBuildConfiguration section */

/* Begin XCConfigurationList section */
		A49AEAE329D831C20033CFED /* Build configuration list for PBXProject "easymanager" */ = {
			isa = XCConfigurationList;
			buildConfigurations = (
				A49AEAF529D831C30033CFED /* Debug */,
				A49AEAF629D831C30033CFED /* Release */,
			);
			defaultConfigurationIsVisible = 0;
			defaultConfigurationName = Release;
		};
		A49AEAF729D831C30033CFED /* Build configuration list for PBXNativeTarget "easymanager" */ = {
			isa = XCConfigurationList;
			buildConfigurations = (
				A49AEAF829D831C30033CFED /* Debug */,
				A49AEAF929D831C30033CFED /* Release */,
			);
			defaultConfigurationIsVisible = 0;
			defaultConfigurationName = Release;
		};
/* End XCConfigurationList section */

/* Begin XCRemoteSwiftPackageReference section */
		A4D972D429D9644D00DCC4F7 /* XCRemoteSwiftPackageReference "firebase-ios-sdk" */ = {
			isa = XCRemoteSwiftPackageReference;
			repositoryURL = "https://github.com/firebase/firebase-ios-sdk";
			requirement = {
				kind = upToNextMajorVersion;
				minimumVersion = 10.0.0;
			};
		};
/* End XCRemoteSwiftPackageReference section */

/* Begin XCSwiftPackageProductDependency section */
		A4D972D529D9644D00DCC4F7 /* FirebaseAuth */ = {
			isa = XCSwiftPackageProductDependency;
			package = A4D972D429D9644D00DCC4F7 /* XCRemoteSwiftPackageReference "firebase-ios-sdk" */;
			productName = FirebaseAuth;
		};
		A4D972D729D9644D00DCC4F7 /* FirebaseFirestore */ = {
			isa = XCSwiftPackageProductDependency;
			package = A4D972D429D9644D00DCC4F7 /* XCRemoteSwiftPackageReference "firebase-ios-sdk" */;
			productName = FirebaseFirestore;
		};
		A4D972D929D9644D00DCC4F7 /* FirebaseFirestoreSwift */ = {
			isa = XCSwiftPackageProductDependency;
			package = A4D972D429D9644D00DCC4F7 /* XCRemoteSwiftPackageReference "firebase-ios-sdk" */;
			productName = FirebaseFirestoreSwift;
		};
/* End XCSwiftPackageProductDependency section */
	};
	rootObject = A49AEAE029D831C20033CFED /* Project object */;
}
